lockfileVersion: '9.0'

settings:
  autoInstallPeers: true
  excludeLinksFromLockfile: false

importers:

  .:
    dependencies:
      '@types/jsonwebtoken':
        specifier: ^9.0.7
        version: 9.0.7

packages:

  '@types/jsonwebtoken@9.0.7':
    resolution: {integrity: sha512-ugo316mmTYBl2g81zDFnZ7cfxlut3o+/EQdaP7J8QN2kY6lJ22hmQYCK5EHcJHbrW+dkCGSCPgbG8JtYj6qSrg==}

  '@types/node@22.7.4':
    resolution: {integrity: sha512-y+NPi1rFzDs1NdQHHToqeiX2TIS79SWEAw9GYhkkx8bD0ChpfqC+n2j5OXOCpzfojBEBt6DnEnnG9MY0zk1XLg==}

  undici-types@6.19.8:
    resolution: {integrity: sha512-ve2KP6f/JnbPBFyobGHuerC9g1FYGn/F8n1LWTwNxCEzd6IfqTwUQcNXgEtmmQ6DlRrC1hrSrBnCZPokRrDHjw==}

snapshots:

  '@types/jsonwebtoken@9.0.7':
    dependencies:
      '@types/node': 22.7.4

  '@types/node@22.7.4':
    dependencies:
      undici-types: 6.19.8

  undici-types@6.19.8: {}
